// !$*UTF8*$!
{
	archiveVersion = 1;
	classes = {
	};
	objectVersion = 46;
	objects = {

/* Begin PBXBuildFile section */
		1403305D18DD0F3800CC9FEC /* slideController.m in Sources */ = {isa = PBXBuildFile; fileRef = 1403305C18DD0F3800CC9FEC /* slideController.m */; };
		1403305F18DD139500CC9FEC /* slideInfoView.xib in Resources */ = {isa = PBXBuildFile; fileRef = 1403305E18DD139500CC9FEC /* slideInfoView.xib */; };
		1403306118DD156800CC9FEC /* slideQuizView.xib in Resources */ = {isa = PBXBuildFile; fileRef = 1403306018DD156800CC9FEC /* slideQuizView.xib */; };
		140575051885E34700AC7C2C /* slideInfo.m in Sources */ = {isa = PBXBuildFile; fileRef = 140575041885E34700AC7C2C /* slideInfo.m */; };
		140575081885E35B00AC7C2C /* slideQuiz.m in Sources */ = {isa = PBXBuildFile; fileRef = 140575071885E35B00AC7C2C /* slideQuiz.m */; };
		1405750A1885E5F600AC7C2C /* languageSelectViewController.m in Sources */ = {isa = PBXBuildFile; fileRef = 140575091885E5F600AC7C2C /* languageSelectViewController.m */; };
		1408E65B18E1C803001FFD3E /* Dental.english.plist in Resources */ = {isa = PBXBuildFile; fileRef = 1408E65A18E1C803001FFD3E /* Dental.english.plist */; };
		1420EB811883DFCA00E19163 /* Foundation.framework in Frameworks */ = {isa = PBXBuildFile; fileRef = 1420EB801883DFCA00E19163 /* Foundation.framework */; };
		1420EB831883DFCA00E19163 /* CoreGraphics.framework in Frameworks */ = {isa = PBXBuildFile; fileRef = 1420EB821883DFCA00E19163 /* CoreGraphics.framework */; };
		1420EB851883DFCA00E19163 /* UIKit.framework in Frameworks */ = {isa = PBXBuildFile; fileRef = 1420EB841883DFCA00E19163 /* UIKit.framework */; };
		1420EB8B1883DFCA00E19163 /* InfoPlist.strings in Resources */ = {isa = PBXBuildFile; fileRef = 1420EB891883DFCA00E19163 /* InfoPlist.strings */; };
		1420EB8D1883DFCA00E19163 /* main.m in Sources */ = {isa = PBXBuildFile; fileRef = 1420EB8C1883DFCA00E19163 /* main.m */; };
		1420EB911883DFCA00E19163 /* iHealAppDelegate.m in Sources */ = {isa = PBXBuildFile; fileRef = 1420EB901883DFCA00E19163 /* iHealAppDelegate.m */; };
		1420EB941883DFCA00E19163 /* Main.storyboard in Resources */ = {isa = PBXBuildFile; fileRef = 1420EB921883DFCA00E19163 /* Main.storyboard */; };
		1420EB991883DFCA00E19163 /* Images.xcassets in Resources */ = {isa = PBXBuildFile; fileRef = 1420EB981883DFCA00E19163 /* Images.xcassets */; };
		1420EBA01883DFCA00E19163 /* XCTest.framework in Frameworks */ = {isa = PBXBuildFile; fileRef = 1420EB9F1883DFCA00E19163 /* XCTest.framework */; };
		1420EBA11883DFCA00E19163 /* Foundation.framework in Frameworks */ = {isa = PBXBuildFile; fileRef = 1420EB801883DFCA00E19163 /* Foundation.framework */; };
		1420EBA21883DFCA00E19163 /* UIKit.framework in Frameworks */ = {isa = PBXBuildFile; fileRef = 1420EB841883DFCA00E19163 /* UIKit.framework */; };
		1420EBAA1883DFCA00E19163 /* InfoPlist.strings in Resources */ = {isa = PBXBuildFile; fileRef = 1420EBA81883DFCA00E19163 /* InfoPlist.strings */; };
		1420EBAC1883DFCA00E19163 /* iHeal_HarlemTests.m in Sources */ = {isa = PBXBuildFile; fileRef = 1420EBAB1883DFCA00E19163 /* iHeal_HarlemTests.m */; };
		1439EE0318FC3B0800203BE0 /* slideIntroView.xib in Resources */ = {isa = PBXBuildFile; fileRef = 1439EE0218FC3B0800203BE0 /* slideIntroView.xib */; };
		1439EE0618FC72AE00203BE0 /* slideIntro.m in Sources */ = {isa = PBXBuildFile; fileRef = 1439EE0518FC72AE00203BE0 /* slideIntro.m */; };
		1441BBD6190469610044B61A /* Sickle.french.plist in Resources */ = {isa = PBXBuildFile; fileRef = 1441BBD4190469610044B61A /* Sickle.french.plist */; };
		1441BBD7190469610044B61A /* Sickle.spanish.plist in Resources */ = {isa = PBXBuildFile; fileRef = 1441BBD5190469610044B61A /* Sickle.spanish.plist */; };
		144459CC188C2E6F00582A40 /* getPresentationData.m in Sources */ = {isa = PBXBuildFile; fileRef = 144459CB188C2E6F00582A40 /* getPresentationData.m */; };
		144E878718ECF3CA004935FD /* Sickle.english.plist in Resources */ = {isa = PBXBuildFile; fileRef = 144E878618ECF3CA004935FD /* Sickle.english.plist */; };
		146AD1BA18D618710019DE39 /* Asthma.english.plist in Resources */ = {isa = PBXBuildFile; fileRef = 146AD1B918D618710019DE39 /* Asthma.english.plist */; };
		14706EF618E3B0D3008D5A17 /* IHHReviewSlidesTableViewController.m in Sources */ = {isa = PBXBuildFile; fileRef = 14706EF518E3B0D3008D5A17 /* IHHReviewSlidesTableViewController.m */; };
		14706EF818E69DAB008D5A17 /* Nutrition.english.plist in Resources */ = {isa = PBXBuildFile; fileRef = 14706EF718E69DAB008D5A17 /* Nutrition.english.plist */; };
		14706EFB18E69EBF008D5A17 /* Dental.french.plist in Resources */ = {isa = PBXBuildFile; fileRef = 14706EF918E69EBF008D5A17 /* Dental.french.plist */; };
		14706EFC18E69EBF008D5A17 /* Dental.spanish.plist in Resources */ = {isa = PBXBuildFile; fileRef = 14706EFA18E69EBF008D5A17 /* Dental.spanish.plist */; };
		1473B50F191DB49000324E91 /* slideOutro.m in Sources */ = {isa = PBXBuildFile; fileRef = 1473B50E191DB49000324E91 /* slideOutro.m */; };
		1473B511191DB55800324E91 /* slideOutroView.xib in Resources */ = {isa = PBXBuildFile; fileRef = 1473B510191DB55800324E91 /* slideOutroView.xib */; };
		148AEDCB1885C20C005B6CB7 /* conditionListTableViewController.m in Sources */ = {isa = PBXBuildFile; fileRef = 148AEDCA1885C20C005B6CB7 /* conditionListTableViewController.m */; };
		14969ED91885D09500CF79A6 /* conditionMenuTableViewController.m in Sources */ = {isa = PBXBuildFile; fileRef = 14969ED81885D09500CF79A6 /* conditionMenuTableViewController.m */; };
		14D94F5118E713D20062D7AC /* Nutrition.french.plist in Resources */ = {isa = PBXBuildFile; fileRef = 14D94F4F18E713D20062D7AC /* Nutrition.french.plist */; };
		14D94F5218E713D20062D7AC /* Nutrition.spanish.plist in Resources */ = {isa = PBXBuildFile; fileRef = 14D94F5018E713D20062D7AC /* Nutrition.spanish.plist */; };
		14D94F5518E716A50062D7AC /* IHHaboutPage.m in Sources */ = {isa = PBXBuildFile; fileRef = 14D94F5418E716A50062D7AC /* IHHaboutPage.m */; };
		14F0219E18D62FF1008A20BB /* Asthma.french.plist in Resources */ = {isa = PBXBuildFile; fileRef = 14F0219C18D62FF1008A20BB /* Asthma.french.plist */; };
		14F0219F18D62FF1008A20BB /* Asthma.spanish.plist in Resources */ = {isa = PBXBuildFile; fileRef = 14F0219D18D62FF1008A20BB /* Asthma.spanish.plist */; };
/* End PBXBuildFile section */

/* Begin PBXContainerItemProxy section */
		1420EBA31883DFCA00E19163 /* PBXContainerItemProxy */ = {
			isa = PBXContainerItemProxy;
			containerPortal = 1420EB751883DFCA00E19163 /* Project object */;
			proxyType = 1;
			remoteGlobalIDString = 1420EB7C1883DFCA00E19163;
			remoteInfo = "iHeal Harlem";
		};
/* End PBXContainerItemProxy section */

/* Begin PBXFileReference section */
		1403305B18DD0F3800CC9FEC /* slideController.h */ = {isa = PBXFileReference; fileEncoding = 4; lastKnownFileType = sourcecode.c.h; path = slideController.h; sourceTree = "<group>"; };
		1403305C18DD0F3800CC9FEC /* slideController.m */ = {isa = PBXFileReference; fileEncoding = 4; lastKnownFileType = sourcecode.c.objc; path = slideController.m; sourceTree = "<group>"; };
		1403305E18DD139500CC9FEC /* slideInfoView.xib */ = {isa = PBXFileReference; fileEncoding = 4; lastKnownFileType = file.xib; path = slideInfoView.xib; sourceTree = "<group>"; };
		1403306018DD156800CC9FEC /* slideQuizView.xib */ = {isa = PBXFileReference; fileEncoding = 4; lastKnownFileType = file.xib; path = slideQuizView.xib; sourceTree = "<group>"; };
		140575031885E34700AC7C2C /* slideInfo.h */ = {isa = PBXFileReference; fileEncoding = 4; lastKnownFileType = sourcecode.c.h; path = slideInfo.h; sourceTree = "<group>"; };
		140575041885E34700AC7C2C /* slideInfo.m */ = {isa = PBXFileReference; fileEncoding = 4; lastKnownFileType = sourcecode.c.objc; path = slideInfo.m; sourceTree = "<group>"; };
		140575061885E35B00AC7C2C /* slideQuiz.h */ = {isa = PBXFileReference; fileEncoding = 4; lastKnownFileType = sourcecode.c.h; path = slideQuiz.h; sourceTree = "<group>"; };
		140575071885E35B00AC7C2C /* slideQuiz.m */ = {isa = PBXFileReference; fileEncoding = 4; lastKnownFileType = sourcecode.c.objc; path = slideQuiz.m; sourceTree = "<group>"; };
		140575091885E5F600AC7C2C /* languageSelectViewController.m */ = {isa = PBXFileReference; fileEncoding = 4; lastKnownFileType = sourcecode.c.objc; path = languageSelectViewController.m; sourceTree = "<group>"; };
		1408E65A18E1C803001FFD3E /* Dental.english.plist */ = {isa = PBXFileReference; lastKnownFileType = text.plist.xml; name = Dental.english.plist; path = "iHeal Harlem/presentations/Dental/Dental.english.plist"; sourceTree = "<group>"; };
		1420EB7D1883DFCA00E19163 /* iHeal Harlem.app */ = {isa = PBXFileReference; explicitFileType = wrapper.application; includeInIndex = 0; path = "iHeal Harlem.app"; sourceTree = BUILT_PRODUCTS_DIR; };
		1420EB801883DFCA00E19163 /* Foundation.framework */ = {isa = PBXFileReference; lastKnownFileType = wrapper.framework; name = Foundation.framework; path = System/Library/Frameworks/Foundation.framework; sourceTree = SDKROOT; };
		1420EB821883DFCA00E19163 /* CoreGraphics.framework */ = {isa = PBXFileReference; lastKnownFileType = wrapper.framework; name = CoreGraphics.framework; path = System/Library/Frameworks/CoreGraphics.framework; sourceTree = SDKROOT; };
		1420EB841883DFCA00E19163 /* UIKit.framework */ = {isa = PBXFileReference; lastKnownFileType = wrapper.framework; name = UIKit.framework; path = System/Library/Frameworks/UIKit.framework; sourceTree = SDKROOT; };
		1420EB881883DFCA00E19163 /* iHeal Harlem-Info.plist */ = {isa = PBXFileReference; lastKnownFileType = text.plist.xml; path = "iHeal Harlem-Info.plist"; sourceTree = "<group>"; };
		1420EB8A1883DFCA00E19163 /* en */ = {isa = PBXFileReference; lastKnownFileType = text.plist.strings; name = en; path = en.lproj/InfoPlist.strings; sourceTree = "<group>"; };
		1420EB8C1883DFCA00E19163 /* main.m */ = {isa = PBXFileReference; lastKnownFileType = sourcecode.c.objc; path = main.m; sourceTree = "<group>"; };
		1420EB8E1883DFCA00E19163 /* iHeal Harlem-Prefix.pch */ = {isa = PBXFileReference; lastKnownFileType = sourcecode.c.h; path = "iHeal Harlem-Prefix.pch"; sourceTree = "<group>"; };
		1420EB8F1883DFCA00E19163 /* iHealAppDelegate.h */ = {isa = PBXFileReference; lastKnownFileType = sourcecode.c.h; path = iHealAppDelegate.h; sourceTree = "<group>"; };
		1420EB901883DFCA00E19163 /* iHealAppDelegate.m */ = {isa = PBXFileReference; lastKnownFileType = sourcecode.c.objc; path = iHealAppDelegate.m; sourceTree = "<group>"; };
		1420EB931883DFCA00E19163 /* Base */ = {isa = PBXFileReference; lastKnownFileType = file.storyboard; name = Base; path = Base.lproj/Main.storyboard; sourceTree = "<group>"; };
		1420EB981883DFCA00E19163 /* Images.xcassets */ = {isa = PBXFileReference; lastKnownFileType = folder.assetcatalog; path = Images.xcassets; sourceTree = "<group>"; };
		1420EB9E1883DFCA00E19163 /* iHeal HarlemTests.xctest */ = {isa = PBXFileReference; explicitFileType = wrapper.cfbundle; includeInIndex = 0; path = "iHeal HarlemTests.xctest"; sourceTree = BUILT_PRODUCTS_DIR; };
		1420EB9F1883DFCA00E19163 /* XCTest.framework */ = {isa = PBXFileReference; lastKnownFileType = wrapper.framework; name = XCTest.framework; path = Library/Frameworks/XCTest.framework; sourceTree = DEVELOPER_DIR; };
		1420EBA71883DFCA00E19163 /* iHeal HarlemTests-Info.plist */ = {isa = PBXFileReference; lastKnownFileType = text.plist.xml; path = "iHeal HarlemTests-Info.plist"; sourceTree = "<group>"; };
		1420EBA91883DFCA00E19163 /* en */ = {isa = PBXFileReference; lastKnownFileType = text.plist.strings; name = en; path = en.lproj/InfoPlist.strings; sourceTree = "<group>"; };
		1420EBAB1883DFCA00E19163 /* iHeal_HarlemTests.m */ = {isa = PBXFileReference; lastKnownFileType = sourcecode.c.objc; path = iHeal_HarlemTests.m; sourceTree = "<group>"; };
		1439EE0218FC3B0800203BE0 /* slideIntroView.xib */ = {isa = PBXFileReference; fileEncoding = 4; lastKnownFileType = file.xib; path = slideIntroView.xib; sourceTree = "<group>"; };
		1439EE0418FC72AE00203BE0 /* slideIntro.h */ = {isa = PBXFileReference; fileEncoding = 4; lastKnownFileType = sourcecode.c.h; path = slideIntro.h; sourceTree = "<group>"; };
		1439EE0518FC72AE00203BE0 /* slideIntro.m */ = {isa = PBXFileReference; fileEncoding = 4; lastKnownFileType = sourcecode.c.objc; path = slideIntro.m; sourceTree = "<group>"; };
		1441BBD4190469610044B61A /* Sickle.french.plist */ = {isa = PBXFileReference; fileEncoding = 4; lastKnownFileType = text.plist.xml; name = Sickle.french.plist; path = "iHeal Harlem/presentations/Sickle Cell Anemia/Sickle.french.plist"; sourceTree = "<group>"; };
		1441BBD5190469610044B61A /* Sickle.spanish.plist */ = {isa = PBXFileReference; fileEncoding = 4; lastKnownFileType = text.plist.xml; name = Sickle.spanish.plist; path = "iHeal Harlem/presentations/Sickle Cell Anemia/Sickle.spanish.plist"; sourceTree = "<group>"; };
		144459CA188C2E6F00582A40 /* getPresentationData.h */ = {isa = PBXFileReference; fileEncoding = 4; lastKnownFileType = sourcecode.c.h; path = getPresentationData.h; sourceTree = "<group>"; };
		144459CB188C2E6F00582A40 /* getPresentationData.m */ = {isa = PBXFileReference; fileEncoding = 4; lastKnownFileType = sourcecode.c.objc; path = getPresentationData.m; sourceTree = "<group>"; };
		144E878618ECF3CA004935FD /* Sickle.english.plist */ = {isa = PBXFileReference; lastKnownFileType = text.plist.xml; name = Sickle.english.plist; path = "iHeal Harlem/presentations/Sickle Cell Anemia/Sickle.english.plist"; sourceTree = "<group>"; };
		146AD1B918D618710019DE39 /* Asthma.english.plist */ = {isa = PBXFileReference; lastKnownFileType = text.plist.xml; name = Asthma.english.plist; path = "iHeal Harlem/presentations/Asthma/Asthma.english.plist"; sourceTree = "<group>"; };
		14706EF418E3B0D3008D5A17 /* IHHReviewSlidesTableViewController.h */ = {isa = PBXFileReference; fileEncoding = 4; lastKnownFileType = sourcecode.c.h; path = IHHReviewSlidesTableViewController.h; sourceTree = "<group>"; };
		14706EF518E3B0D3008D5A17 /* IHHReviewSlidesTableViewController.m */ = {isa = PBXFileReference; fileEncoding = 4; lastKnownFileType = sourcecode.c.objc; path = IHHReviewSlidesTableViewController.m; sourceTree = "<group>"; };
		14706EF718E69DAB008D5A17 /* Nutrition.english.plist */ = {isa = PBXFileReference; lastKnownFileType = text.plist.xml; name = Nutrition.english.plist; path = "iHeal Harlem/presentations/Nutrition/Nutrition.english.plist"; sourceTree = "<group>"; };
		14706EF918E69EBF008D5A17 /* Dental.french.plist */ = {isa = PBXFileReference; lastKnownFileType = text.plist.xml; name = Dental.french.plist; path = "iHeal Harlem/presentations/Dental/Dental.french.plist"; sourceTree = "<group>"; };
		14706EFA18E69EBF008D5A17 /* Dental.spanish.plist */ = {isa = PBXFileReference; lastKnownFileType = text.plist.xml; name = Dental.spanish.plist; path = "iHeal Harlem/presentations/Dental/Dental.spanish.plist"; sourceTree = "<group>"; };
		1473B50D191DB49000324E91 /* slideOutro.h */ = {isa = PBXFileReference; fileEncoding = 4; lastKnownFileType = sourcecode.c.h; path = slideOutro.h; sourceTree = "<group>"; };
		1473B50E191DB49000324E91 /* slideOutro.m */ = {isa = PBXFileReference; fileEncoding = 4; lastKnownFileType = sourcecode.c.objc; path = slideOutro.m; sourceTree = "<group>"; };
		1473B510191DB55800324E91 /* slideOutroView.xib */ = {isa = PBXFileReference; fileEncoding = 4; lastKnownFileType = file.xib; path = slideOutroView.xib; sourceTree = "<group>"; };
		148AEDC91885C20C005B6CB7 /* conditionListTableViewController.h */ = {isa = PBXFileReference; fileEncoding = 4; lastKnownFileType = sourcecode.c.h; path = conditionListTableViewController.h; sourceTree = "<group>"; };
		148AEDCA1885C20C005B6CB7 /* conditionListTableViewController.m */ = {isa = PBXFileReference; fileEncoding = 4; lastKnownFileType = sourcecode.c.objc; path = conditionListTableViewController.m; sourceTree = "<group>"; };
		14969ED41885CEC000CF79A6 /* languageSelectViewController.h */ = {isa = PBXFileReference; fileEncoding = 4; lastKnownFileType = sourcecode.c.h; path = languageSelectViewController.h; sourceTree = "<group>"; };
		14969ED71885D09500CF79A6 /* conditionMenuTableViewController.h */ = {isa = PBXFileReference; fileEncoding = 4; lastKnownFileType = sourcecode.c.h; path = conditionMenuTableViewController.h; sourceTree = "<group>"; };
		14969ED81885D09500CF79A6 /* conditionMenuTableViewController.m */ = {isa = PBXFileReference; fileEncoding = 4; lastKnownFileType = sourcecode.c.objc; path = conditionMenuTableViewController.m; sourceTree = "<group>"; };
		14D94F4F18E713D20062D7AC /* Nutrition.french.plist */ = {isa = PBXFileReference; lastKnownFileType = text.plist.xml; name = Nutrition.french.plist; path = "iHeal Harlem/presentations/Nutrition/Nutrition.french.plist"; sourceTree = "<group>"; };
		14D94F5018E713D20062D7AC /* Nutrition.spanish.plist */ = {isa = PBXFileReference; lastKnownFileType = text.plist.xml; name = Nutrition.spanish.plist; path = "iHeal Harlem/presentations/Nutrition/Nutrition.spanish.plist"; sourceTree = "<group>"; };
		14D94F5318E716A50062D7AC /* IHHaboutPage.h */ = {isa = PBXFileReference; fileEncoding = 4; lastKnownFileType = sourcecode.c.h; path = IHHaboutPage.h; sourceTree = "<group>"; };
		14D94F5418E716A50062D7AC /* IHHaboutPage.m */ = {isa = PBXFileReference; fileEncoding = 4; lastKnownFileType = sourcecode.c.objc; path = IHHaboutPage.m; sourceTree = "<group>"; };
		14F0219C18D62FF1008A20BB /* Asthma.french.plist */ = {isa = PBXFileReference; lastKnownFileType = text.plist.xml; name = Asthma.french.plist; path = "iHeal Harlem/presentations/Asthma/Asthma.french.plist"; sourceTree = "<group>"; };
		14F0219D18D62FF1008A20BB /* Asthma.spanish.plist */ = {isa = PBXFileReference; lastKnownFileType = text.plist.xml; name = Asthma.spanish.plist; path = "iHeal Harlem/presentations/Asthma/Asthma.spanish.plist"; sourceTree = "<group>"; };
/* End PBXFileReference section */

/* Begin PBXFrameworksBuildPhase section */
		1420EB7A1883DFCA00E19163 /* Frameworks */ = {
			isa = PBXFrameworksBuildPhase;
			buildActionMask = 2147483647;
			files = (
				1420EB831883DFCA00E19163 /* CoreGraphics.framework in Frameworks */,
				1420EB851883DFCA00E19163 /* UIKit.framework in Frameworks */,
				1420EB811883DFCA00E19163 /* Foundation.framework in Frameworks */,
			);
			runOnlyForDeploymentPostprocessing = 0;
		};
		1420EB9B1883DFCA00E19163 /* Frameworks */ = {
			isa = PBXFrameworksBuildPhase;
			buildActionMask = 2147483647;
			files = (
				1420EBA01883DFCA00E19163 /* XCTest.framework in Frameworks */,
				1420EBA21883DFCA00E19163 /* UIKit.framework in Frameworks */,
				1420EBA11883DFCA00E19163 /* Foundation.framework in Frameworks */,
			);
			runOnlyForDeploymentPostprocessing = 0;
		};
/* End PBXFrameworksBuildPhase section */

/* Begin PBXGroup section */
		1420EB741883DFCA00E19163 = {
			isa = PBXGroup;
			children = (
				1473C30F18D4F5C8004BC9BC /* Presentation Data */,
				1420EB861883DFCA00E19163 /* iHeal Harlem */,
				1420EBA51883DFCA00E19163 /* iHeal HarlemTests */,
				1420EB7F1883DFCA00E19163 /* Frameworks */,
				1420EB7E1883DFCA00E19163 /* Products */,
			);
			sourceTree = "<group>";
		};
		1420EB7E1883DFCA00E19163 /* Products */ = {
			isa = PBXGroup;
			children = (
				1420EB7D1883DFCA00E19163 /* iHeal Harlem.app */,
				1420EB9E1883DFCA00E19163 /* iHeal HarlemTests.xctest */,
			);
			name = Products;
			sourceTree = "<group>";
		};
		1420EB7F1883DFCA00E19163 /* Frameworks */ = {
			isa = PBXGroup;
			children = (
				1420EB801883DFCA00E19163 /* Foundation.framework */,
				1420EB821883DFCA00E19163 /* CoreGraphics.framework */,
				1420EB841883DFCA00E19163 /* UIKit.framework */,
				1420EB9F1883DFCA00E19163 /* XCTest.framework */,
			);
			name = Frameworks;
			sourceTree = "<group>";
		};
		1420EB861883DFCA00E19163 /* iHeal Harlem */ = {
			isa = PBXGroup;
			children = (
				1403305B18DD0F3800CC9FEC /* slideController.h */,
				1403305C18DD0F3800CC9FEC /* slideController.m */,
				1403305E18DD139500CC9FEC /* slideInfoView.xib */,
				1403306018DD156800CC9FEC /* slideQuizView.xib */,
				1439EE0218FC3B0800203BE0 /* slideIntroView.xib */,
				1473B510191DB55800324E91 /* slideOutroView.xib */,
				140575061885E35B00AC7C2C /* slideQuiz.h */,
				140575071885E35B00AC7C2C /* slideQuiz.m */,
				140575031885E34700AC7C2C /* slideInfo.h */,
				140575041885E34700AC7C2C /* slideInfo.m */,
				1439EE0418FC72AE00203BE0 /* slideIntro.h */,
				1439EE0518FC72AE00203BE0 /* slideIntro.m */,
				1473B50D191DB49000324E91 /* slideOutro.h */,
				1473B50E191DB49000324E91 /* slideOutro.m */,
				14D94F5318E716A50062D7AC /* IHHaboutPage.h */,
				14D94F5418E716A50062D7AC /* IHHaboutPage.m */,
				1420EB8F1883DFCA00E19163 /* iHealAppDelegate.h */,
				1420EB901883DFCA00E19163 /* iHealAppDelegate.m */,
				148AEDC91885C20C005B6CB7 /* conditionListTableViewController.h */,
				148AEDCA1885C20C005B6CB7 /* conditionListTableViewController.m */,
				1420EB921883DFCA00E19163 /* Main.storyboard */,
				14706EF418E3B0D3008D5A17 /* IHHReviewSlidesTableViewController.h */,
				14706EF518E3B0D3008D5A17 /* IHHReviewSlidesTableViewController.m */,
				14969ED71885D09500CF79A6 /* conditionMenuTableViewController.h */,
				14969ED81885D09500CF79A6 /* conditionMenuTableViewController.m */,
				144459CA188C2E6F00582A40 /* getPresentationData.h */,
				144459CB188C2E6F00582A40 /* getPresentationData.m */,
				14969ED41885CEC000CF79A6 /* languageSelectViewController.h */,
				140575091885E5F600AC7C2C /* languageSelectViewController.m */,
				1420EB981883DFCA00E19163 /* Images.xcassets */,
				1420EB871883DFCA00E19163 /* Supporting Files */,
			);
			path = "iHeal Harlem";
			sourceTree = "<group>";
		};
		1420EB871883DFCA00E19163 /* Supporting Files */ = {
			isa = PBXGroup;
			children = (
				1420EB881883DFCA00E19163 /* iHeal Harlem-Info.plist */,
				1420EB891883DFCA00E19163 /* InfoPlist.strings */,
				1420EB8C1883DFCA00E19163 /* main.m */,
				1420EB8E1883DFCA00E19163 /* iHeal Harlem-Prefix.pch */,
			);
			name = "Supporting Files";
			sourceTree = "<group>";
		};
		1420EBA51883DFCA00E19163 /* iHeal HarlemTests */ = {
			isa = PBXGroup;
			children = (
				1420EBAB1883DFCA00E19163 /* iHeal_HarlemTests.m */,
				1420EBA61883DFCA00E19163 /* Supporting Files */,
			);
			path = "iHeal HarlemTests";
			sourceTree = "<group>";
		};
		1420EBA61883DFCA00E19163 /* Supporting Files */ = {
			isa = PBXGroup;
			children = (
				1420EBA71883DFCA00E19163 /* iHeal HarlemTests-Info.plist */,
				1420EBA81883DFCA00E19163 /* InfoPlist.strings */,
			);
			name = "Supporting Files";
			sourceTree = "<group>";
		};
		1473C30F18D4F5C8004BC9BC /* Presentation Data */ = {
			isa = PBXGroup;
			children = (
				144E878618ECF3CA004935FD /* Sickle.english.plist */,
				1441BBD4190469610044B61A /* Sickle.french.plist */,
				1441BBD5190469610044B61A /* Sickle.spanish.plist */,
				14706EF718E69DAB008D5A17 /* Nutrition.english.plist */,
				14D94F4F18E713D20062D7AC /* Nutrition.french.plist */,
				14D94F5018E713D20062D7AC /* Nutrition.spanish.plist */,
				1408E65A18E1C803001FFD3E /* Dental.english.plist */,
				14706EF918E69EBF008D5A17 /* Dental.french.plist */,
				14706EFA18E69EBF008D5A17 /* Dental.spanish.plist */,
				146AD1B918D618710019DE39 /* Asthma.english.plist */,
				14F0219C18D62FF1008A20BB /* Asthma.french.plist */,
				14F0219D18D62FF1008A20BB /* Asthma.spanish.plist */,
			);
			name = "Presentation Data";
			sourceTree = "<group>";
		};
/* End PBXGroup section */

/* Begin PBXNativeTarget section */
		1420EB7C1883DFCA00E19163 /* iHeal Harlem */ = {
			isa = PBXNativeTarget;
			buildConfigurationList = 1420EBAF1883DFCA00E19163 /* Build configuration list for PBXNativeTarget "iHeal Harlem" */;
			buildPhases = (
				1420EB791883DFCA00E19163 /* Sources */,
				1420EB7A1883DFCA00E19163 /* Frameworks */,
				1420EB7B1883DFCA00E19163 /* Resources */,
			);
			buildRules = (
			);
			dependencies = (
			);
			name = "iHeal Harlem";
			productName = "iHeal Harlem";
			productReference = 1420EB7D1883DFCA00E19163 /* iHeal Harlem.app */;
			productType = "com.apple.product-type.application";
		};
		1420EB9D1883DFCA00E19163 /* iHeal HarlemTests */ = {
			isa = PBXNativeTarget;
			buildConfigurationList = 1420EBB21883DFCA00E19163 /* Build configuration list for PBXNativeTarget "iHeal HarlemTests" */;
			buildPhases = (
				1420EB9A1883DFCA00E19163 /* Sources */,
				1420EB9B1883DFCA00E19163 /* Frameworks */,
				1420EB9C1883DFCA00E19163 /* Resources */,
			);
			buildRules = (
			);
			dependencies = (
				1420EBA41883DFCA00E19163 /* PBXTargetDependency */,
			);
			name = "iHeal HarlemTests";
			productName = "iHeal HarlemTests";
			productReference = 1420EB9E1883DFCA00E19163 /* iHeal HarlemTests.xctest */;
			productType = "com.apple.product-type.bundle.unit-test";
		};
/* End PBXNativeTarget section */

/* Begin PBXProject section */
		1420EB751883DFCA00E19163 /* Project object */ = {
			isa = PBXProject;
			attributes = {
				CLASSPREFIX = iHeal;
				LastUpgradeCheck = 0510;
				ORGANIZATIONNAME = "Harlem Hospital";
				TargetAttributes = {
					1420EB7C1883DFCA00E19163 = {
						DevelopmentTeam = MSC7382Q42;
					};
					1420EB9D1883DFCA00E19163 = {
						TestTargetID = 1420EB7C1883DFCA00E19163;
					};
				};
			};
			buildConfigurationList = 1420EB781883DFCA00E19163 /* Build configuration list for PBXProject "iHeal Harlem" */;
			compatibilityVersion = "Xcode 3.2";
			developmentRegion = English;
			hasScannedForEncodings = 0;
			knownRegions = (
				en,
				Base,
			);
			mainGroup = 1420EB741883DFCA00E19163;
			productRefGroup = 1420EB7E1883DFCA00E19163 /* Products */;
			projectDirPath = "";
			projectRoot = "";
			targets = (
				1420EB7C1883DFCA00E19163 /* iHeal Harlem */,
				1420EB9D1883DFCA00E19163 /* iHeal HarlemTests */,
			);
		};
/* End PBXProject section */

/* Begin PBXResourcesBuildPhase section */
		1420EB7B1883DFCA00E19163 /* Resources */ = {
			isa = PBXResourcesBuildPhase;
			buildActionMask = 2147483647;
			files = (
				1420EB991883DFCA00E19163 /* Images.xcassets in Resources */,
				1441BBD7190469610044B61A /* Sickle.spanish.plist in Resources */,
				14F0219E18D62FF1008A20BB /* Asthma.french.plist in Resources */,
				1441BBD6190469610044B61A /* Sickle.french.plist in Resources */,
				14F0219F18D62FF1008A20BB /* Asthma.spanish.plist in Resources */,
				146AD1BA18D618710019DE39 /* Asthma.english.plist in Resources */,
				1408E65B18E1C803001FFD3E /* Dental.english.plist in Resources */,
				14706EFB18E69EBF008D5A17 /* Dental.french.plist in Resources */,
				14706EFC18E69EBF008D5A17 /* Dental.spanish.plist in Resources */,
				1439EE0318FC3B0800203BE0 /* slideIntroView.xib in Resources */,
				14706EF818E69DAB008D5A17 /* Nutrition.english.plist in Resources */,
				14D94F5118E713D20062D7AC /* Nutrition.french.plist in Resources */,
				14D94F5218E713D20062D7AC /* Nutrition.spanish.plist in Resources */,
				144E878718ECF3CA004935FD /* Sickle.english.plist in Resources */,
				1420EB8B1883DFCA00E19163 /* InfoPlist.strings in Resources */,
				1420EB941883DFCA00E19163 /* Main.storyboard in Resources */,
				1473B511191DB55800324E91 /* slideOutroView.xib in Resources */,
				1403305F18DD139500CC9FEC /* slideInfoView.xib in Resources */,
				1403306118DD156800CC9FEC /* slideQuizView.xib in Resources */,
			);
			runOnlyForDeploymentPostprocessing = 0;
		};
		1420EB9C1883DFCA00E19163 /* Resources */ = {
			isa = PBXResourcesBuildPhase;
			buildActionMask = 2147483647;
			files = (
				1420EBAA1883DFCA00E19163 /* InfoPlist.strings in Resources */,
			);
			runOnlyForDeploymentPostprocessing = 0;
		};
/* End PBXResourcesBuildPhase section */

/* Begin PBXSourcesBuildPhase section */
		1420EB791883DFCA00E19163 /* Sources */ = {
			isa = PBXSourcesBuildPhase;
			buildActionMask = 2147483647;
			files = (
				14969ED91885D09500CF79A6 /* conditionMenuTableViewController.m in Sources */,
				140575051885E34700AC7C2C /* slideInfo.m in Sources */,
				1420EB911883DFCA00E19163 /* iHealAppDelegate.m in Sources */,
				1473B50F191DB49000324E91 /* slideOutro.m in Sources */,
				1405750A1885E5F600AC7C2C /* languageSelectViewController.m in Sources */,
				148AEDCB1885C20C005B6CB7 /* conditionListTableViewController.m in Sources */,
				140575081885E35B00AC7C2C /* slideQuiz.m in Sources */,
				1420EB8D1883DFCA00E19163 /* main.m in Sources */,
				1403305D18DD0F3800CC9FEC /* slideController.m in Sources */,
				1439EE0618FC72AE00203BE0 /* slideIntro.m in Sources */,
				14D94F5518E716A50062D7AC /* IHHaboutPage.m in Sources */,
				144459CC188C2E6F00582A40 /* getPresentationData.m in Sources */,
				14706EF618E3B0D3008D5A17 /* IHHReviewSlidesTableViewController.m in Sources */,
			);
			runOnlyForDeploymentPostprocessing = 0;
		};
		1420EB9A1883DFCA00E19163 /* Sources */ = {
			isa = PBXSourcesBuildPhase;
			buildActionMask = 2147483647;
			files = (
				1420EBAC1883DFCA00E19163 /* iHeal_HarlemTests.m in Sources */,
			);
			runOnlyForDeploymentPostprocessing = 0;
		};
/* End PBXSourcesBuildPhase section */

/* Begin PBXTargetDependency section */
		1420EBA41883DFCA00E19163 /* PBXTargetDependency */ = {
			isa = PBXTargetDependency;
			target = 1420EB7C1883DFCA00E19163 /* iHeal Harlem */;
			targetProxy = 1420EBA31883DFCA00E19163 /* PBXContainerItemProxy */;
		};
/* End PBXTargetDependency section */

/* Begin PBXVariantGroup section */
		1420EB891883DFCA00E19163 /* InfoPlist.strings */ = {
			isa = PBXVariantGroup;
			children = (
				1420EB8A1883DFCA00E19163 /* en */,
			);
			name = InfoPlist.strings;
			sourceTree = "<group>";
		};
		1420EB921883DFCA00E19163 /* Main.storyboard */ = {
			isa = PBXVariantGroup;
			children = (
				1420EB931883DFCA00E19163 /* Base */,
			);
			name = Main.storyboard;
			sourceTree = "<group>";
		};
		1420EBA81883DFCA00E19163 /* InfoPlist.strings */ = {
			isa = PBXVariantGroup;
			children = (
				1420EBA91883DFCA00E19163 /* en */,
			);
			name = InfoPlist.strings;
			sourceTree = "<group>";
		};
/* End PBXVariantGroup section */

/* Begin XCBuildConfiguration section */
		1420EBAD1883DFCA00E19163 /* Debug */ = {
			isa = XCBuildConfiguration;
			buildSettings = {
				ALWAYS_SEARCH_USER_PATHS = NO;
				CLANG_CXX_LANGUAGE_STANDARD = "gnu++0x";
				CLANG_CXX_LIBRARY = "libc++";
				CLANG_ENABLE_MODULES = YES;
				CLANG_ENABLE_OBJC_ARC = YES;
				CLANG_WARN_BOOL_CONVERSION = YES;
				CLANG_WARN_CONSTANT_CONVERSION = YES;
				CLANG_WARN_DIRECT_OBJC_ISA_USAGE = YES_ERROR;
				CLANG_WARN_EMPTY_BODY = YES;
				CLANG_WARN_ENUM_CONVERSION = YES;
				CLANG_WARN_INT_CONVERSION = YES;
				CLANG_WARN_OBJC_ROOT_CLASS = YES_ERROR;
				CLANG_WARN__DUPLICATE_METHOD_MATCH = YES;
				"CODE_SIGN_IDENTITY[sdk=iphoneos*]" = "iPhone Developer";
				COPY_PHASE_STRIP = NO;
				GCC_C_LANGUAGE_STANDARD = gnu99;
				GCC_DYNAMIC_NO_PIC = NO;
				GCC_OPTIMIZATION_LEVEL = 0;
				GCC_PREPROCESSOR_DEFINITIONS = (
					"DEBUG=1",
					"$(inherited)",
				);
				GCC_SYMBOLS_PRIVATE_EXTERN = NO;
				GCC_WARN_64_TO_32_BIT_CONVERSION = YES;
				GCC_WARN_ABOUT_RETURN_TYPE = YES_ERROR;
				GCC_WARN_UNDECLARED_SELECTOR = YES;
				GCC_WARN_UNINITIALIZED_AUTOS = YES;
				GCC_WARN_UNUSED_FUNCTION = YES;
				GCC_WARN_UNUSED_VARIABLE = YES;
				IPHONEOS_DEPLOYMENT_TARGET = 7.0;
				ONLY_ACTIVE_ARCH = YES;
				SDKROOT = iphoneos;
				TARGETED_DEVICE_FAMILY = 2;
			};
			name = Debug;
		};
		1420EBAE1883DFCA00E19163 /* Release */ = {
			isa = XCBuildConfiguration;
			buildSettings = {
				ALWAYS_SEARCH_USER_PATHS = NO;
				CLANG_CXX_LANGUAGE_STANDARD = "gnu++0x";
				CLANG_CXX_LIBRARY = "libc++";
				CLANG_ENABLE_MODULES = YES;
				CLANG_ENABLE_OBJC_ARC = YES;
				CLANG_WARN_BOOL_CONVERSION = YES;
				CLANG_WARN_CONSTANT_CONVERSION = YES;
				CLANG_WARN_DIRECT_OBJC_ISA_USAGE = YES_ERROR;
				CLANG_WARN_EMPTY_BODY = YES;
				CLANG_WARN_ENUM_CONVERSION = YES;
				CLANG_WARN_INT_CONVERSION = YES;
				CLANG_WARN_OBJC_ROOT_CLASS = YES_ERROR;
				CLANG_WARN__DUPLICATE_METHOD_MATCH = YES;
				"CODE_SIGN_IDENTITY[sdk=iphoneos*]" = "iPhone Developer";
				COPY_PHASE_STRIP = YES;
				ENABLE_NS_ASSERTIONS = NO;
				GCC_C_LANGUAGE_STANDARD = gnu99;
				GCC_WARN_64_TO_32_BIT_CONVERSION = YES;
				GCC_WARN_ABOUT_RETURN_TYPE = YES_ERROR;
				GCC_WARN_UNDECLARED_SELECTOR = YES;
				GCC_WARN_UNINITIALIZED_AUTOS = YES;
				GCC_WARN_UNUSED_FUNCTION = YES;
				GCC_WARN_UNUSED_VARIABLE = YES;
				IPHONEOS_DEPLOYMENT_TARGET = 7.0;
				SDKROOT = iphoneos;
				TARGETED_DEVICE_FAMILY = 2;
				VALIDATE_PRODUCT = YES;
			};
			name = Release;
		};
		1420EBB01883DFCA00E19163 /* Debug */ = {
			isa = XCBuildConfiguration;
			buildSettings = {
				ASSETCATALOG_COMPILER_APPICON_NAME = AppIcon;
				ASSETCATALOG_COMPILER_LAUNCHIMAGE_NAME = LaunchImage;
				CODE_SIGN_IDENTITY = "iPhone Developer";
				GCC_PRECOMPILE_PREFIX_HEADER = YES;
				GCC_PREFIX_HEADER = "iHeal Harlem/iHeal Harlem-Prefix.pch";
				INFOPLIST_FILE = "iHeal Harlem/iHeal Harlem-Info.plist";
				PRODUCT_NAME = "$(TARGET_NAME)";
				WRAPPER_EXTENSION = app;
			};
			name = Debug;
		};
		1420EBB11883DFCA00E19163 /* Release */ = {
			isa = XCBuildConfiguration;
			buildSettings = {
				ASSETCATALOG_COMPILER_APPICON_NAME = AppIcon;
				ASSETCATALOG_COMPILER_LAUNCHIMAGE_NAME = LaunchImage;
				CODE_SIGN_IDENTITY = "iPhone Developer";
				GCC_PRECOMPILE_PREFIX_HEADER = YES;
				GCC_PREFIX_HEADER = "iHeal Harlem/iHeal Harlem-Prefix.pch";
				INFOPLIST_FILE = "iHeal Harlem/iHeal Harlem-Info.plist";
				PRODUCT_NAME = "$(TARGET_NAME)";
				WRAPPER_EXTENSION = app;
			};
			name = Release;
		};
		1420EBB31883DFCA00E19163 /* Debug */ = {
			isa = XCBuildConfiguration;
			buildSettings = {
				BUNDLE_LOADER = "$(BUILT_PRODUCTS_DIR)/iHeal Harlem.app/iHeal Harlem";
				FRAMEWORK_SEARCH_PATHS = (
					"$(SDKROOT)/Developer/Library/Frameworks",
					"$(inherited)",
					"$(DEVELOPER_FRAMEWORKS_DIR)",
				);
				GCC_PRECOMPILE_PREFIX_HEADER = YES;
				GCC_PREFIX_HEADER = "iHeal Harlem/iHeal Harlem-Prefix.pch";
				GCC_PREPROCESSOR_DEFINITIONS = (
					"DEBUG=1",
					"$(inherited)",
				);
				INFOPLIST_FILE = "iHeal HarlemTests/iHeal HarlemTests-Info.plist";
				PRODUCT_NAME = "$(TARGET_NAME)";
				TEST_HOST = "$(BUNDLE_LOADER)";
				WRAPPER_EXTENSION = xctest;
			};
			name = Debug;
		};
		1420EBB41883DFCA00E19163 /* Release */ = {
			isa = XCBuildConfiguration;
			buildSettings = {
				BUNDLE_LOADER = "$(BUILT_PRODUCTS_DIR)/iHeal Harlem.app/iHeal Harlem";
				FRAMEWORK_SEARCH_PATHS = (
					"$(SDKROOT)/Developer/Library/Frameworks",
					"$(inherited)",
					"$(DEVELOPER_FRAMEWORKS_DIR)",
				);
				GCC_PRECOMPILE_PREFIX_HEADER = YES;
				GCC_PREFIX_HEADER = "iHeal Harlem/iHeal Harlem-Prefix.pch";
				INFOPLIST_FILE = "iHeal HarlemTests/iHeal HarlemTests-Info.plist";
				PRODUCT_NAME = "$(TARGET_NAME)";
				TEST_HOST = "$(BUNDLE_LOADER)";
				WRAPPER_EXTENSION = xctest;
			};
			name = Release;
		};
/* End XCBuildConfiguration section */

/* Begin XCConfigurationList section */
		1420EB781883DFCA00E19163 /* Build configuration list for PBXProject "iHeal Harlem" */ = {
			isa = XCConfigurationList;
			buildConfigurations = (
				1420EBAD1883DFCA00E19163 /* Debug */,
				1420EBAE1883DFCA00E19163 /* Release */,
			);
			defaultConfigurationIsVisible = 0;
			defaultConfigurationName = Release;
		};
		1420EBAF1883DFCA00E19163 /* Build configuration list for PBXNativeTarget "iHeal Harlem" */ = {
			isa = XCConfigurationList;
			buildConfigurations = (
				1420EBB01883DFCA00E19163 /* Debug */,
				1420EBB11883DFCA00E19163 /* Release */,
			);
			defaultConfigurationIsVisible = 0;
			defaultConfigurationName = Release;
		};
		1420EBB21883DFCA00E19163 /* Build configuration list for PBXNativeTarget "iHeal HarlemTests" */ = {
			isa = XCConfigurationList;
			buildConfigurations = (
				1420EBB31883DFCA00E19163 /* Debug */,
				1420EBB41883DFCA00E19163 /* Release */,
			);
			defaultConfigurationIsVisible = 0;
			defaultConfigurationName = Release;
		};
/* End XCConfigurationList section */
	};
	rootObject = 1420EB751883DFCA00E19163 /* Project object */;
}
